
Microsoft Visual Studio Solution File, Format Version 12.00
# Visual Studio 14
VisualStudioVersion = 14.0.25420.1
MinimumVisualStudioVersion = 10.0.40219.1
Project("{FAE04EC0-301F-11D3-BF4B-00C04F79EFBC}") = "CardLib", "CardLib\CardLib.csproj", "{F9A854F9-F481-4E0B-B4C5-EB57C03BB59C}"
EndProject
Project("{FAE04EC0-301F-11D3-BF4B-00C04F79EFBC}") = "CardClient", "CardClient\CardClient.csproj", "{8B6DD2BC-39CE-46A2-8DD4-95DF1C272A03}"
EndProject
Project("{FAE04EC0-301F-11D3-BF4B-00C04F79EFBC}") = "FlushGame", "FlushGame\FlushGame.csproj", "{6BE76150-1298-4ED5-8C0C-F63CF11EC626}"
EndProject
Global
	GlobalSection(SolutionConfigurationPlatforms) = preSolution
		Debug|Any CPU = Debug|Any CPU
		Release|Any CPU = Release|Any CPU
	EndGlobalSection
	GlobalSection(ProjectConfigurationPlatforms) = postSolution
		{F9A854F9-F481-4E0B-B4C5-EB57C03BB59C}.Debug|Any CPU.ActiveCfg = Debug|Any CPU
		{F9A854F9-F481-4E0B-B4C5-EB57C03BB59C}.Debug|Any CPU.Build.0 = Debug|Any CPU
		{F9A854F9-F481-4E0B-B4C5-EB57C03BB59C}.Release|Any CPU.ActiveCfg = Release|Any CPU
		{F9A854F9-F481-4E0B-B4C5-EB57C03BB59C}.Release|Any CPU.Build.0 = Release|Any CPU
		{8B6DD2BC-39CE-46A2-8DD4-95DF1C272A03}.Debug|Any CPU.ActiveCfg = Debug|Any CPU
		{8B6DD2BC-39CE-46A2-8DD4-95DF1C272A03}.Debug|Any CPU.Build.0 = Debug|Any CPU
		{8B6DD2BC-39CE-46A2-8DD4-95DF1C272A03}.Release|Any CPU.ActiveCfg = Release|Any CPU
		{8B6DD2BC-39CE-46A2-8DD4-95DF1C272A03}.Release|Any CPU.Build.0 = Release|Any CPU
		{6BE76150-1298-4ED5-8C0C-F63CF11EC626}.Debug|Any CPU.ActiveCfg = Debug|Any CPU
		{6BE76150-1298-4ED5-8C0C-F63CF11EC626}.Debug|Any CPU.Build.0 = Debug|Any CPU
		{6BE76150-1298-4ED5-8C0C-F63CF11EC626}.Release|Any CPU.ActiveCfg = Release|Any CPU
		{6BE76150-1298-4ED5-8C0C-F63CF11EC626}.Release|Any CPU.Build.0 = Release|Any CPU
	EndGlobalSection
	GlobalSection(SolutionProperties) = preSolution
		HideSolutionNode = FALSE
	EndGlobalSection
EndGlobal
